
Microsoft Visual Studio Solution File, Format Version 10.00
# Visual Studio 2008
Project("{F184B08F-C81C-45F6-A57F-5ABD9991F28F}") = "XNAEngine", "XNAEngine\XNAEngine.vbproj", "{25FBB338-5DAA-4B7A-8F24-C054BA9BFC65}"
EndProject
Project("{F184B08F-C81C-45F6-A57F-5ABD9991F28F}") = "ContentPipeline", "XNAEngine\ContentPipeline\ContentPipeline\ContentPipeline.vbproj", "{383EDF76-3581-4FB5-BA2B-F9B0299E2C86}"
EndProject
Global
	GlobalSection(SolutionConfigurationPlatforms) = preSolution
		Debug|Any CPU = Debug|Any CPU
		Release|Any CPU = Release|Any CPU
	EndGlobalSection
	GlobalSection(ProjectConfigurationPlatforms) = postSolution
		{25FBB338-5DAA-4B7A-8F24-C054BA9BFC65}.Debug|Any CPU.ActiveCfg = Debug|Any CPU
		{25FBB338-5DAA-4B7A-8F24-C054BA9BFC65}.Debug|Any CPU.Build.0 = Debug|Any CPU
		{25FBB338-5DAA-4B7A-8F24-C054BA9BFC65}.Release|Any CPU.ActiveCfg = Release|Any CPU
		{25FBB338-5DAA-4B7A-8F24-C054BA9BFC65}.Release|Any CPU.Build.0 = Release|Any CPU
		{383EDF76-3581-4FB5-BA2B-F9B0299E2C86}.Debug|Any CPU.ActiveCfg = Debug|Any CPU
		{383EDF76-3581-4FB5-BA2B-F9B0299E2C86}.Debug|Any CPU.Build.0 = Debug|Any CPU
		{383EDF76-3581-4FB5-BA2B-F9B0299E2C86}.Release|Any CPU.ActiveCfg = Release|Any CPU
		{383EDF76-3581-4FB5-BA2B-F9B0299E2C86}.Release|Any CPU.Build.0 = Release|Any CPU
	EndGlobalSection
	GlobalSection(SolutionProperties) = preSolution
		HideSolutionNode = FALSE
	EndGlobalSection
EndGlobal
